{
  "nodes": {
    "flake-utils": {
      "locked": {
        "lastModified": 1631561581,
        "narHash": "sha256-3VQMV5zvxaVLvqqUrNz3iJelLw30mIVSfZmAaauM3dA=",
        "owner": "numtide",
        "repo": "flake-utils",
        "rev": "7e5bf3925f6fbdfaf50a2a7ca0be2879c4261d19",
        "type": "github"
      },
      "original": {
        "owner": "numtide",
        "repo": "flake-utils",
        "type": "github"
      }
    },
    "nixos-21": {
      "locked": {
        "lastModified": 1633422542,
        "narHash": "sha256-JYz2PmVogNRO8DhcvXzL/QhZzboTspJz2YSRlnAj8aM=",
        "owner": "NixOS",
        "repo": "nixpkgs",
        "rev": "aff647e2704fa1223994604887bb78276dc57083",
        "type": "github"
      },
      "original": {
        "owner": "NixOS",
        "ref": "nixos-21.05",
        "repo": "nixpkgs",
        "type": "github"
      }
    },
    "nixpkgs": {
      "locked": {
        "lastModified": 1627128856,
        "narHash": "sha256-yw3lA8zyNFhj309lmxvNByEEymRT1rRy5oE+jEPnsP4=",
        "path": "/nix/store/3iw3gnv08yaz0v5qjhmv6g4dlj7pirfz-source",
        "rev": "dd14e5d78e90a2ccd6007e569820de9b4861a6c2",
        "type": "path"
      },
      "original": {
        "id": "nixpkgs",
        "type": "indirect"
      }
    },
    "root": {
      "inputs": {
        "flake-utils": "flake-utils",
        "nixos-21": "nixos-21",
        "nixpkgs": "nixpkgs"
      }
    }
  },
  "root": "root",
  "version": 7
}
